
Microsoft Visual Studio Solution File, Format Version 12.00
# Visual Studio 15
VisualStudioVersion = 15.0.27004.2005
MinimumVisualStudioVersion = 10.0.40219.1
Project("{FAE04EC0-301F-11D3-BF4B-00C04F79EFBC}") = "PopulationCalculator", "PopulationCalculator\PopulationCalculator.csproj", "{A301047B-CA12-477F-9390-442268A7735B}"
EndProject
Global
	GlobalSection(SolutionConfigurationPlatforms) = preSolution
		Debug|Any CPU = Debug|Any CPU
		Release|Any CPU = Release|Any CPU
	EndGlobalSection
	GlobalSection(ProjectConfigurationPlatforms) = postSolution
		{A301047B-CA12-477F-9390-442268A7735B}.Debug|Any CPU.ActiveCfg = Debug|Any CPU
		{A301047B-CA12-477F-9390-442268A7735B}.Debug|Any CPU.Build.0 = Debug|Any CPU
		{A301047B-CA12-477F-9390-442268A7735B}.Release|Any CPU.ActiveCfg = Release|Any CPU
		{A301047B-CA12-477F-9390-442268A7735B}.Release|Any CPU.Build.0 = Release|Any CPU
	EndGlobalSection
	GlobalSection(SolutionProperties) = preSolution
		HideSolutionNode = FALSE
	EndGlobalSection
	GlobalSection(ExtensibilityGlobals) = postSolution
		SolutionGuid = {4E224EF0-A4F4-4A18-B8E6-3D47EDC0E22E}
	EndGlobalSection
EndGlobal
